
Microsoft Visual Studio Solution File, Format Version 12.00
# Visual Studio 15
VisualStudioVersion = 15.0.27703.2035
MinimumVisualStudioVersion = 10.0.40219.1
Project("{2150E333-8FDC-42A3-9474-1A3956D46DE8}") = "Hosting", "Hosting", "{CEEB2DD7-7DCF-4178-BBA0-B3BA1F629B06}"
EndProject
Project("{9A19103F-16F7-4668-BE54-9A1E7A4F7556}") = "NetConnect.Hosting.Auth", "NetConnect.Hosting.Auth\NetConnect.Hosting.Auth.csproj", "{EB92C132-D41C-45DE-89B3-54F5615E7212}"
EndProject
Project("{9A19103F-16F7-4668-BE54-9A1E7A4F7556}") = "NetConnect.Hosting.HubServer", "NetConnect.Hosting.HubServer\NetConnect.Hosting.HubServer.csproj", "{6C90DCEA-8313-4A69-83E7-7CF4CCBF3AAA}"
EndProject
Project("{9A19103F-16F7-4668-BE54-9A1E7A4F7556}") = "NetConnect.Hosting.WebApp", "NetConnect.Hosting.WebApp\NetConnect.Hosting.WebApp.csproj", "{598FC487-71A0-4CB1-81BD-E0F636F8A5ED}"
EndProject
Project("{FAE04EC0-301F-11D3-BF4B-00C04F79EFBC}") = "NetConnect.Hosting.Core", "NetConnect.Hosting.Core\NetConnect.Hosting.Core.csproj", "{43E9C409-8EFA-4035-9044-E07655E5928A}"
EndProject
Global
	GlobalSection(SolutionConfigurationPlatforms) = preSolution
		Debug|Any CPU = Debug|Any CPU
		Release|Any CPU = Release|Any CPU
	EndGlobalSection
	GlobalSection(ProjectConfigurationPlatforms) = postSolution
		{EB92C132-D41C-45DE-89B3-54F5615E7212}.Debug|Any CPU.ActiveCfg = Debug|Any CPU
		{EB92C132-D41C-45DE-89B3-54F5615E7212}.Debug|Any CPU.Build.0 = Debug|Any CPU
		{EB92C132-D41C-45DE-89B3-54F5615E7212}.Release|Any CPU.ActiveCfg = Release|Any CPU
		{EB92C132-D41C-45DE-89B3-54F5615E7212}.Release|Any CPU.Build.0 = Release|Any CPU
		{6C90DCEA-8313-4A69-83E7-7CF4CCBF3AAA}.Debug|Any CPU.ActiveCfg = Debug|Any CPU
		{6C90DCEA-8313-4A69-83E7-7CF4CCBF3AAA}.Debug|Any CPU.Build.0 = Debug|Any CPU
		{6C90DCEA-8313-4A69-83E7-7CF4CCBF3AAA}.Release|Any CPU.ActiveCfg = Release|Any CPU
		{6C90DCEA-8313-4A69-83E7-7CF4CCBF3AAA}.Release|Any CPU.Build.0 = Release|Any CPU
		{598FC487-71A0-4CB1-81BD-E0F636F8A5ED}.Debug|Any CPU.ActiveCfg = Debug|Any CPU
		{598FC487-71A0-4CB1-81BD-E0F636F8A5ED}.Debug|Any CPU.Build.0 = Debug|Any CPU
		{598FC487-71A0-4CB1-81BD-E0F636F8A5ED}.Release|Any CPU.ActiveCfg = Release|Any CPU
		{598FC487-71A0-4CB1-81BD-E0F636F8A5ED}.Release|Any CPU.Build.0 = Release|Any CPU
		{43E9C409-8EFA-4035-9044-E07655E5928A}.Debug|Any CPU.ActiveCfg = Debug|Any CPU
		{43E9C409-8EFA-4035-9044-E07655E5928A}.Debug|Any CPU.Build.0 = Debug|Any CPU
		{43E9C409-8EFA-4035-9044-E07655E5928A}.Release|Any CPU.ActiveCfg = Release|Any CPU
		{43E9C409-8EFA-4035-9044-E07655E5928A}.Release|Any CPU.Build.0 = Release|Any CPU
	EndGlobalSection
	GlobalSection(SolutionProperties) = preSolution
		HideSolutionNode = FALSE
	EndGlobalSection
	GlobalSection(NestedProjects) = preSolution
		{EB92C132-D41C-45DE-89B3-54F5615E7212} = {CEEB2DD7-7DCF-4178-BBA0-B3BA1F629B06}
		{6C90DCEA-8313-4A69-83E7-7CF4CCBF3AAA} = {CEEB2DD7-7DCF-4178-BBA0-B3BA1F629B06}
		{598FC487-71A0-4CB1-81BD-E0F636F8A5ED} = {CEEB2DD7-7DCF-4178-BBA0-B3BA1F629B06}
		{43E9C409-8EFA-4035-9044-E07655E5928A} = {CEEB2DD7-7DCF-4178-BBA0-B3BA1F629B06}
	EndGlobalSection
	GlobalSection(ExtensibilityGlobals) = postSolution
		SolutionGuid = {FADBB58B-5418-4B95-8F82-9CD298CF50B2}
	EndGlobalSection
EndGlobal
