
Microsoft Visual Studio Solution File, Format Version 12.00
# Visual Studio 15
VisualStudioVersion = 15.0.27703.2035
MinimumVisualStudioVersion = 10.0.40219.1
Project("{2150E333-8FDC-42A3-9474-1A3956D46DE8}") = "Hosting", "Hosting", "{CEEB2DD7-7DCF-4178-BBA0-B3BA1F629B06}"
EndProject
Project("{FAE04EC0-301F-11D3-BF4B-00C04F79EFBC}") = "NetConnect.Hosting.Hub", "NetConnect.Hosting.Hub\NetConnect.Hosting.Hub.csproj", "{CFEF6852-E703-4E68-BF1C-92E0A7919E47}"
EndProject
Global
	GlobalSection(SolutionConfigurationPlatforms) = preSolution
		Debug|Any CPU = Debug|Any CPU
		Release|Any CPU = Release|Any CPU
	EndGlobalSection
	GlobalSection(ProjectConfigurationPlatforms) = postSolution
		{CFEF6852-E703-4E68-BF1C-92E0A7919E47}.Debug|Any CPU.ActiveCfg = Debug|Any CPU
		{CFEF6852-E703-4E68-BF1C-92E0A7919E47}.Debug|Any CPU.Build.0 = Debug|Any CPU
		{CFEF6852-E703-4E68-BF1C-92E0A7919E47}.Release|Any CPU.ActiveCfg = Release|Any CPU
		{CFEF6852-E703-4E68-BF1C-92E0A7919E47}.Release|Any CPU.Build.0 = Release|Any CPU
	EndGlobalSection
	GlobalSection(SolutionProperties) = preSolution
		HideSolutionNode = FALSE
	EndGlobalSection
	GlobalSection(NestedProjects) = preSolution
		{CFEF6852-E703-4E68-BF1C-92E0A7919E47} = {CEEB2DD7-7DCF-4178-BBA0-B3BA1F629B06}
	EndGlobalSection
	GlobalSection(ExtensibilityGlobals) = postSolution
		SolutionGuid = {FADBB58B-5418-4B95-8F82-9CD298CF50B2}
	EndGlobalSection
EndGlobal
